
Microsoft Visual Studio Solution File, Format Version 12.00
# Visual Studio Version 17
VisualStudioVersion = 17.8.34330.188
MinimumVisualStudioVersion = 10.0.40219.1
Project("{FAE04EC0-301F-11D3-BF4B-00C04F79EFBC}") = "BasicAuthenticationSample", "src\BasicAuthenticationSample\BasicAuthenticationSample.csproj", "{B25E1D91-6588-441C-B3B0-026D3E46E984}"
EndProject
Global
	GlobalSection(SolutionConfigurationPlatforms) = preSolution
		Debug|Any CPU = Debug|Any CPU
		Release|Any CPU = Release|Any CPU
	EndGlobalSection
	GlobalSection(ProjectConfigurationPlatforms) = postSolution
		{B25E1D91-6588-441C-B3B0-026D3E46E984}.Debug|Any CPU.ActiveCfg = Debug|Any CPU
		{B25E1D91-6588-441C-B3B0-026D3E46E984}.Debug|Any CPU.Build.0 = Debug|Any CPU
		{B25E1D91-6588-441C-B3B0-026D3E46E984}.Release|Any CPU.ActiveCfg = Release|Any CPU
		{B25E1D91-6588-441C-B3B0-026D3E46E984}.Release|Any CPU.Build.0 = Release|Any CPU
	EndGlobalSection
	GlobalSection(SolutionProperties) = preSolution
		HideSolutionNode = FALSE
	EndGlobalSection
	GlobalSection(ExtensibilityGlobals) = postSolution
		SolutionGuid = {4400C038-13B3-4076-96FC-EDC4F035E750}
	EndGlobalSection
EndGlobal
